
Microsoft Visual Studio Solution File, Format Version 12.00
# Visual Studio Version 17
VisualStudioVersion = 17.8.34330.188
MinimumVisualStudioVersion = 10.0.40219.1
Project("{FAE04EC0-301F-11D3-BF4B-00C04F79EFBC}") = "homework2_3", "homework2_3.csproj", "{57239020-2E7E-4062-9AAC-B2C0777CEBD3}"
EndProject
Global
	GlobalSection(SolutionConfigurationPlatforms) = preSolution
		Debug|Any CPU = Debug|Any CPU
		Release|Any CPU = Release|Any CPU
	EndGlobalSection
	GlobalSection(ProjectConfigurationPlatforms) = postSolution
		{57239020-2E7E-4062-9AAC-B2C0777CEBD3}.Debug|Any CPU.ActiveCfg = Debug|Any CPU
		{57239020-2E7E-4062-9AAC-B2C0777CEBD3}.Debug|Any CPU.Build.0 = Debug|Any CPU
		{57239020-2E7E-4062-9AAC-B2C0777CEBD3}.Release|Any CPU.ActiveCfg = Release|Any CPU
		{57239020-2E7E-4062-9AAC-B2C0777CEBD3}.Release|Any CPU.Build.0 = Release|Any CPU
	EndGlobalSection
	GlobalSection(SolutionProperties) = preSolution
		HideSolutionNode = FALSE
	EndGlobalSection
	GlobalSection(ExtensibilityGlobals) = postSolution
		SolutionGuid = {5207F083-CB19-4B6C-AEB6-9D10A1B82F54}
	EndGlobalSection
EndGlobal
