
Microsoft Visual Studio Solution File, Format Version 12.00
# Visual Studio Version 17
VisualStudioVersion = 17.8.34330.188
MinimumVisualStudioVersion = 10.0.40219.1
Project("{FAE04EC0-301F-11D3-BF4B-00C04F79EFBC}") = "homeWork1", "homeWork1.csproj", "{A9E27197-068A-44EB-BCC2-592EAFEFE8B8}"
EndProject
Global
	GlobalSection(SolutionConfigurationPlatforms) = preSolution
		Debug|Any CPU = Debug|Any CPU
		Release|Any CPU = Release|Any CPU
	EndGlobalSection
	GlobalSection(ProjectConfigurationPlatforms) = postSolution
		{A9E27197-068A-44EB-BCC2-592EAFEFE8B8}.Debug|Any CPU.ActiveCfg = Debug|Any CPU
		{A9E27197-068A-44EB-BCC2-592EAFEFE8B8}.Debug|Any CPU.Build.0 = Debug|Any CPU
		{A9E27197-068A-44EB-BCC2-592EAFEFE8B8}.Release|Any CPU.ActiveCfg = Release|Any CPU
		{A9E27197-068A-44EB-BCC2-592EAFEFE8B8}.Release|Any CPU.Build.0 = Release|Any CPU
	EndGlobalSection
	GlobalSection(SolutionProperties) = preSolution
		HideSolutionNode = FALSE
	EndGlobalSection
	GlobalSection(ExtensibilityGlobals) = postSolution
		SolutionGuid = {FB32CBE4-140E-4B6C-80C7-C87227C5D182}
	EndGlobalSection
EndGlobal
